
Microsoft Visual Studio Solution File, Format Version 12.00
# Visual Studio Version 17
VisualStudioVersion = 17.1.32421.90
MinimumVisualStudioVersion = 10.0.40219.1
Project("{FAE04EC0-301F-11D3-BF4B-00C04F79EFBC}") = "Cars_Test_Task", "Cars_Test_Task\Cars_Test_Task.csproj", "{D74FEAC1-C99F-4E5E-B658-FB43E788341C}"
EndProject
Global
	GlobalSection(SolutionConfigurationPlatforms) = preSolution
		Debug|Any CPU = Debug|Any CPU
		Release|Any CPU = Release|Any CPU
	EndGlobalSection
	GlobalSection(ProjectConfigurationPlatforms) = postSolution
		{D74FEAC1-C99F-4E5E-B658-FB43E788341C}.Debug|Any CPU.ActiveCfg = Debug|Any CPU
		{D74FEAC1-C99F-4E5E-B658-FB43E788341C}.Debug|Any CPU.Build.0 = Debug|Any CPU
		{D74FEAC1-C99F-4E5E-B658-FB43E788341C}.Release|Any CPU.ActiveCfg = Release|Any CPU
		{D74FEAC1-C99F-4E5E-B658-FB43E788341C}.Release|Any CPU.Build.0 = Release|Any CPU
	EndGlobalSection
	GlobalSection(SolutionProperties) = preSolution
		HideSolutionNode = FALSE
	EndGlobalSection
	GlobalSection(ExtensibilityGlobals) = postSolution
		SolutionGuid = {3CBDFCDF-A9D0-4BEE-ABEE-A9866570E5F4}
	EndGlobalSection
EndGlobal
